github.com/apache/thrift v0.19.0 h1:sOqkWPzMj7w6XaYbJQG7m4sGqVolaW/0D28Ln7yPzMk=
github.com/apache/thrift v0.19.0/go.mod h1:SUALL216IiaOw2Oy+5Vs9lboJ/t9g40C+G07Dc0QC1I=
github.com/donnie4w/gofer v0.0.0-20231124113624-7cb1e41f0c37 h1:+KG9zENmPwMaGLE/AYm5sTKja9ur3A4EWdtJZqQpOxk=
github.com/donnie4w/gofer v0.0.0-20231124113624-7cb1e41f0c37/go.mod h1:NBFGqFrGtP18d/ERanemMKbklv0ua1pHjAUKv4ZVo4M=
github.com/donnie4w/gothrift v0.0.0-20231122095506-ae10cf5936ec h1:nvMmMtPONeOkLM/znSa4pOhwqk2AWijtBfV8gOFMUUs=
github.com/donnie4w/gothrift v0.0.0-20231122095506-ae10cf5936ec/go.mod h1:Uc0QnOpnPQy7TT2yFi1EZPi09gLPClsoh5hVOndJ4l0=
github.com/donnie4w/simplelog v0.0.0-20231003094257-95f526dcf3fe h1:evHHcLI7HdLzXB7cWCn2DAyLjdPhs9c043qFL0EusZg=
github.com/donnie4w/simplelog v0.0.0-20231003094257-95f526dcf3fe/go.mod h1:rBZ2CzMlZ0KF8vgjY/zDzuNRtoebYDoy4zXapyWk3EM=
github.com/donnie4w/tim v0.0.0-20231207041805-55ec71d641bb h1:8AXpr6faltwd9jQ8JKof0Sz+peTBXCbuPMkxGsrwYHY=
github.com/donnie4w/tim v0.0.0-20231207041805-55ec71d641bb/go.mod h1:9p6qY1KUR7bV/YsEZT7NxEFD12BzA4EoBTrzB+7DLXU=
github.com/donnie4w/tlcli-go v0.0.0-20231107171801-d17da8836864 h1:i8/cY+5F92AtIUW4iXziXjcruw6bXCcYuwwyoase/oQ=
github.com/donnie4w/tlcli-go v0.0.0-20231107171801-d17da8836864/go.mod h1:zBr3gl+OFPmT2KJl1jV3oofBi9eTMx8m3XQ+vCE6wv0=
github.com/donnie4w/tlnet v0.0.0-20231220090916-ed189f7cf3e1 h1:Y9wLCry8yFxONhWyNIpeLPM4EmrLt0t5eRHNK5nn/2M=
github.com/donnie4w/tlnet v0.0.0-20231220090916-ed189f7cf3e1/go.mod h1:BFshLY+WHCZKdCKOr3WFmEHsLUdVaySPJtag2xWtuM4=
github.com/donnie4w/tlorm-go v0.0.0-20231108024405-1cc4c5b9072b h1:yzQiUzFBezZvrHLdV5cywpmUKLjM7MkjXU7lQQmz5EU=
github.com/donnie4w/tlorm-go v0.0.0-20231108024405-1cc4c5b9072b/go.mod h1:pfqxx+G9qgvP7EOhVz3Fi5tJNHqzllFjBCpfa/lM8Z0=
github.com/golang/snappy v0.0.4 h1:yAGX7huGHXlcLOEtBnF4w7FQwA26wojNCwOYAEhLjQM=
github.com/golang/snappy v0.0.4/go.mod h1:/XxbfmMg8lxefKM7IXC3fBNl/7bRcc72aCRzEWrmP2Q=
golang.org/x/exp v0.0.0-20231219180239-dc181d75b848 h1:+iq7lrkxmFNBM7xx+Rae2W6uyPfhPeDWD+n+JgppptE=
golang.org/x/exp v0.0.0-20231219180239-dc181d75b848/go.mod h1:iRJReGqOEeBhDZGkGbynYwcHlctCvnjTYIamk7uXpHI=
golang.org/x/net v0.19.0 h1:zTwKpTd2XuCqf8huc7Fo2iSy+4RHPd10s4KzeTnVr1c=
golang.org/x/net v0.19.0/go.mod h1:CfAk/cbD4CthTvqiEl8NpboMuiuOYsAr/7NOjZJtv1U=
