github.com/apache/thrift v0.18.1 h1:lNhK/1nqjbwbiOPDBPFJVKxgDEGSepKuTh6OLiXW8kg=
github.com/apache/thrift v0.18.1/go.mod h1:rdQn/dCcDKEWjjylUeueum4vQEjG2v8v2PqriUnbr+I=
github.com/apache/thrift v0.19.0 h1:sOqkWPzMj7w6XaYbJQG7m4sGqVolaW/0D28Ln7yPzMk=
github.com/apache/thrift v0.19.0/go.mod h1:SUALL216IiaOw2Oy+5Vs9lboJ/t9g40C+G07Dc0QC1I=
github.com/donnie4w/gofer v0.0.0-20230929162647-ce06b81090fb h1:I6V0HhlWyTLUvAxqdn2mKloXGy3Sd1rbPZrHmpst3Ew=
github.com/donnie4w/gofer v0.0.0-20230929162647-ce06b81090fb/go.mod h1:x2FACHumiId2KXUEsrkNoTgqFrssA5W69Y+n2R35cSY=
github.com/donnie4w/gofer v0.0.0-20231124113624-7cb1e41f0c37 h1:+KG9zENmPwMaGLE/AYm5sTKja9ur3A4EWdtJZqQpOxk=
github.com/donnie4w/gofer v0.0.0-20231124113624-7cb1e41f0c37/go.mod h1:NBFGqFrGtP18d/ERanemMKbklv0ua1pHjAUKv4ZVo4M=
github.com/donnie4w/gothrift v0.0.0-20230914065902-8bf311a8a055 h1:ltpxjnhAeuErDaXLFCKQ1e8/i5SXZXhXaWjXJphCFJM=
github.com/donnie4w/gothrift v0.0.0-20230914065902-8bf311a8a055/go.mod h1:Uc0QnOpnPQy7TT2yFi1EZPi09gLPClsoh5hVOndJ4l0=
github.com/donnie4w/simplelog v0.0.0-20231003094257-95f526dcf3fe h1:evHHcLI7HdLzXB7cWCn2DAyLjdPhs9c043qFL0EusZg=
github.com/donnie4w/simplelog v0.0.0-20231003094257-95f526dcf3fe/go.mod h1:rBZ2CzMlZ0KF8vgjY/zDzuNRtoebYDoy4zXapyWk3EM=
github.com/donnie4w/tlnet v0.0.0-20231115023446-c17f1c3771ff h1:9E4knDSh9AOrqblIurCzDd3ngGmcE2qScAXeCG7FGFA=
github.com/donnie4w/tlnet v0.0.0-20231115023446-c17f1c3771ff/go.mod h1:A+SLdCAZ3oLNKOQ4NvcW/YP5KXYSr8GCKiIJcHiy7VE=
github.com/donnie4w/tlnet v0.0.0-20231205141424-32d8e0412240 h1:HyOz+fyztxp6iNQKrwfRHDWhXRLhPZM9mz4HEWHsh/I=
github.com/donnie4w/tlnet v0.0.0-20231205141424-32d8e0412240/go.mod h1:BFshLY+WHCZKdCKOr3WFmEHsLUdVaySPJtag2xWtuM4=
github.com/golang/snappy v0.0.4 h1:yAGX7huGHXlcLOEtBnF4w7FQwA26wojNCwOYAEhLjQM=
github.com/golang/snappy v0.0.4/go.mod h1:/XxbfmMg8lxefKM7IXC3fBNl/7bRcc72aCRzEWrmP2Q=
golang.org/x/exp v0.0.0-20231110203233-9a3e6036ecaa h1:FRnLl4eNAQl8hwxVVC17teOw8kdjVDVAiFMtgUdTSRQ=
golang.org/x/exp v0.0.0-20231110203233-9a3e6036ecaa/go.mod h1:zk2irFbV9DP96SEBUUAy67IdHUaZuSnrz1n472HUCLE=
golang.org/x/net v0.8.0 h1:Zrh2ngAOFYneWTAIAPethzeaQLuHwhuBkuV6ZiRnUaQ=
golang.org/x/net v0.8.0/go.mod h1:QVkue5JL9kW//ek3r6jTKnTFis1tRmNAW2P1shuFdJc=
golang.org/x/net v0.19.0 h1:zTwKpTd2XuCqf8huc7Fo2iSy+4RHPd10s4KzeTnVr1c=
golang.org/x/net v0.19.0/go.mod h1:CfAk/cbD4CthTvqiEl8NpboMuiuOYsAr/7NOjZJtv1U=
